
Microsoft Visual Studio Solution File, Format Version 12.00
# Visual Studio Version 16
VisualStudioVersion = 16.0.29009.5
MinimumVisualStudioVersion = 10.0.40219.1
Project("{FAE04EC0-301F-11D3-BF4B-00C04F79EFBC}") = "CustomerApp", "CustomerApp\CustomerApp.csproj", "{79EEB843-7847-4DEA-A527-9806A84CB195}"
EndProject
Project("{FAE04EC0-301F-11D3-BF4B-00C04F79EFBC}") = "CustomerApp.DataAccess", "CustomerApp.DataAccess\CustomerApp.DataAccess.csproj", "{99696E82-6FBC-4C83-B7A8-4C33DF4BAAC3}"
EndProject
Project("{2150E333-8FDC-42A3-9474-1A3956D46DE8}") = "UnitTests", "UnitTests", "{514D9FFE-D6DA-46E0-AA0E-CDC50D0B3EDB}"
EndProject
Project("{FAE04EC0-301F-11D3-BF4B-00C04F79EFBC}") = "CustomerApp.UnitTests", "UnitTests\CustomerApp.UnitTests\CustomerApp.UnitTests.csproj", "{049531B1-1ADD-4CF6-A5A0-3D9392FE0A26}"
EndProject
Project("{FAE04EC0-301F-11D3-BF4B-00C04F79EFBC}") = "CustomerApp.DataAccess.UnitTests", "UnitTests\CustomerApp.DataAccess.UnitTests\CustomerApp.DataAccess.UnitTests.csproj", "{6F107457-B391-4C84-9C06-7D693DC4EF66}"
EndProject
Global
	GlobalSection(SolutionConfigurationPlatforms) = preSolution
		Debug|Any CPU = Debug|Any CPU
		Release|Any CPU = Release|Any CPU
	EndGlobalSection
	GlobalSection(ProjectConfigurationPlatforms) = postSolution
		{79EEB843-7847-4DEA-A527-9806A84CB195}.Debug|Any CPU.ActiveCfg = Debug|Any CPU
		{79EEB843-7847-4DEA-A527-9806A84CB195}.Debug|Any CPU.Build.0 = Debug|Any CPU
		{79EEB843-7847-4DEA-A527-9806A84CB195}.Release|Any CPU.ActiveCfg = Release|Any CPU
		{79EEB843-7847-4DEA-A527-9806A84CB195}.Release|Any CPU.Build.0 = Release|Any CPU
		{99696E82-6FBC-4C83-B7A8-4C33DF4BAAC3}.Debug|Any CPU.ActiveCfg = Debug|Any CPU
		{99696E82-6FBC-4C83-B7A8-4C33DF4BAAC3}.Debug|Any CPU.Build.0 = Debug|Any CPU
		{99696E82-6FBC-4C83-B7A8-4C33DF4BAAC3}.Release|Any CPU.ActiveCfg = Release|Any CPU
		{99696E82-6FBC-4C83-B7A8-4C33DF4BAAC3}.Release|Any CPU.Build.0 = Release|Any CPU
		{049531B1-1ADD-4CF6-A5A0-3D9392FE0A26}.Debug|Any CPU.ActiveCfg = Debug|Any CPU
		{049531B1-1ADD-4CF6-A5A0-3D9392FE0A26}.Debug|Any CPU.Build.0 = Debug|Any CPU
		{049531B1-1ADD-4CF6-A5A0-3D9392FE0A26}.Release|Any CPU.ActiveCfg = Release|Any CPU
		{049531B1-1ADD-4CF6-A5A0-3D9392FE0A26}.Release|Any CPU.Build.0 = Release|Any CPU
		{6F107457-B391-4C84-9C06-7D693DC4EF66}.Debug|Any CPU.ActiveCfg = Debug|Any CPU
		{6F107457-B391-4C84-9C06-7D693DC4EF66}.Debug|Any CPU.Build.0 = Debug|Any CPU
		{6F107457-B391-4C84-9C06-7D693DC4EF66}.Release|Any CPU.ActiveCfg = Release|Any CPU
		{6F107457-B391-4C84-9C06-7D693DC4EF66}.Release|Any CPU.Build.0 = Release|Any CPU
	EndGlobalSection
	GlobalSection(SolutionProperties) = preSolution
		HideSolutionNode = FALSE
	EndGlobalSection
	GlobalSection(NestedProjects) = preSolution
		{049531B1-1ADD-4CF6-A5A0-3D9392FE0A26} = {514D9FFE-D6DA-46E0-AA0E-CDC50D0B3EDB}
		{6F107457-B391-4C84-9C06-7D693DC4EF66} = {514D9FFE-D6DA-46E0-AA0E-CDC50D0B3EDB}
	EndGlobalSection
	GlobalSection(ExtensibilityGlobals) = postSolution
		SolutionGuid = {D25053E0-1B4C-4570-AAAD-3AA5E5574E2E}
	EndGlobalSection
EndGlobal
